
Microsoft Visual Studio Solution File, Format Version 12.00
# Visual Studio 15
VisualStudioVersion = 15.0.28010.2041
MinimumVisualStudioVersion = 10.0.40219.1
Project("{FAE04EC0-301F-11D3-BF4B-00C04F79EFBC}") = "pluggedIn_entity", "pluggedIn_entity\pluggedIn_entity.csproj", "{5C3BCB47-31CF-4B95-A41A-83DD137DCFBF}"
EndProject
Global
	GlobalSection(SolutionConfigurationPlatforms) = preSolution
		Debug|Any CPU = Debug|Any CPU
		Release|Any CPU = Release|Any CPU
	EndGlobalSection
	GlobalSection(ProjectConfigurationPlatforms) = postSolution
		{5C3BCB47-31CF-4B95-A41A-83DD137DCFBF}.Debug|Any CPU.ActiveCfg = Debug|Any CPU
		{5C3BCB47-31CF-4B95-A41A-83DD137DCFBF}.Debug|Any CPU.Build.0 = Debug|Any CPU
		{5C3BCB47-31CF-4B95-A41A-83DD137DCFBF}.Release|Any CPU.ActiveCfg = Release|Any CPU
		{5C3BCB47-31CF-4B95-A41A-83DD137DCFBF}.Release|Any CPU.Build.0 = Release|Any CPU
	EndGlobalSection
	GlobalSection(SolutionProperties) = preSolution
		HideSolutionNode = FALSE
	EndGlobalSection
	GlobalSection(ExtensibilityGlobals) = postSolution
		SolutionGuid = {6A793634-2E84-4F62-BA59-B0E809460EC0}
	EndGlobalSection
EndGlobal
